
Microsoft Visual Studio Solution File, Format Version 12.00
# Visual Studio Version 17
VisualStudioVersion = 17.1.32228.430
MinimumVisualStudioVersion = 10.0.40219.1
Project("{9A19103F-16F7-4668-BE54-9A1E7A4F7556}") = "BLL", "BLL\BLL.csproj", "{64A2606C-F38D-4FE6-85B3-46E2A7B23E48}"
EndProject
Project("{9A19103F-16F7-4668-BE54-9A1E7A4F7556}") = "DAL", "DAL\DAL.csproj", "{EE5958EB-1754-4D39-9E8C-F213F1AD6DB8}"
EndProject
Project("{9A19103F-16F7-4668-BE54-9A1E7A4F7556}") = "Web API", "Web API\Web API.csproj", "{FC0940E0-BCA7-4218-A9D2-FC6FC927B7D2}"
EndProject
Global
	GlobalSection(SolutionConfigurationPlatforms) = preSolution
		Debug|Any CPU = Debug|Any CPU
		Release|Any CPU = Release|Any CPU
	EndGlobalSection
	GlobalSection(ProjectConfigurationPlatforms) = postSolution
		{64A2606C-F38D-4FE6-85B3-46E2A7B23E48}.Debug|Any CPU.ActiveCfg = Debug|Any CPU
		{64A2606C-F38D-4FE6-85B3-46E2A7B23E48}.Debug|Any CPU.Build.0 = Debug|Any CPU
		{64A2606C-F38D-4FE6-85B3-46E2A7B23E48}.Release|Any CPU.ActiveCfg = Release|Any CPU
		{64A2606C-F38D-4FE6-85B3-46E2A7B23E48}.Release|Any CPU.Build.0 = Release|Any CPU
		{EE5958EB-1754-4D39-9E8C-F213F1AD6DB8}.Debug|Any CPU.ActiveCfg = Debug|Any CPU
		{EE5958EB-1754-4D39-9E8C-F213F1AD6DB8}.Debug|Any CPU.Build.0 = Debug|Any CPU
		{EE5958EB-1754-4D39-9E8C-F213F1AD6DB8}.Release|Any CPU.ActiveCfg = Release|Any CPU
		{EE5958EB-1754-4D39-9E8C-F213F1AD6DB8}.Release|Any CPU.Build.0 = Release|Any CPU
		{FC0940E0-BCA7-4218-A9D2-FC6FC927B7D2}.Debug|Any CPU.ActiveCfg = Debug|Any CPU
		{FC0940E0-BCA7-4218-A9D2-FC6FC927B7D2}.Debug|Any CPU.Build.0 = Debug|Any CPU
		{FC0940E0-BCA7-4218-A9D2-FC6FC927B7D2}.Release|Any CPU.ActiveCfg = Release|Any CPU
		{FC0940E0-BCA7-4218-A9D2-FC6FC927B7D2}.Release|Any CPU.Build.0 = Release|Any CPU
	EndGlobalSection
	GlobalSection(SolutionProperties) = preSolution
		HideSolutionNode = FALSE
	EndGlobalSection
	GlobalSection(ExtensibilityGlobals) = postSolution
		SolutionGuid = {A1BBAE34-D80E-463A-8C4B-3D6EB8065836}
	EndGlobalSection
EndGlobal
